<?xml version="1.0" encoding="utf-8"?>
<Project ToolsVersion="4.0" xmlns="http://schemas.microsoft.com/developer/msbuild/2003">
  <ItemGroup>
    <Filter Include="Proto Files">
      <UniqueIdentifier>{ddec84e0-144c-4e2b-8c74-dd23488c6f2f}</UniqueIdentifier>
    </Filter>
    <Filter Include="Source Files">
      <UniqueIdentifier>{ea867dcc-019a-41c6-9b73-6646d07f3642}</UniqueIdentifier>
    </Filter>
    <Filter Include="Proto Files\detail">
      <UniqueIdentifier>{8028ed3e-04d4-43ac-bcc1-f2f6bbb70ce0}</UniqueIdentifier>
    </Filter>
    <Filter Include="Test Files">
      <UniqueIdentifier>{8146d17b-12da-4536-955c-5b5659f9033c}</UniqueIdentifier>
    </Filter>
    <Filter Include="Example Files">
      <UniqueIdentifier>{b7dc5246-2b26-4c29-8d49-dc17b45777c7}</UniqueIdentifier>
    </Filter>
    <Filter Include="Proto Files\functional">
      <UniqueIdentifier>{ea2ed1ac-915f-408e-b00c-976b2089392b}</UniqueIdentifier>
    </Filter>
    <Filter Include="Proto Files\functional\std">
      <UniqueIdentifier>{f8a33037-fcd2-46c8-aa43-b978384f35bd}</UniqueIdentifier>
    </Filter>
    <Filter Include="Proto Files\functional\fusion">
      <UniqueIdentifier>{eb5bff9f-3017-48e3-87c1-273b04df0e62}</UniqueIdentifier>
    </Filter>
    <Filter Include="Proto Files\grammar">
      <UniqueIdentifier>{fa686832-862a-411e-aba9-19a89b2b8f3d}</UniqueIdentifier>
    </Filter>
    <Filter Include="Proto Files\action">
      <UniqueIdentifier>{1617621d-4ce9-4de2-b204-9d89fb132868}</UniqueIdentifier>
    </Filter>
  </ItemGroup>
  <ItemGroup>
    <ClInclude Include="..\..\..\boost\proto\expr.hpp">
      <Filter>Proto Files</Filter>
    </ClInclude>
    <ClInclude Include="..\..\..\boost\proto\proto_fwd.hpp">
      <Filter>Proto Files</Filter>
    </ClInclude>
    <ClInclude Include="..\..\..\boost\proto\proto.hpp">
      <Filter>Proto Files</Filter>
    </ClInclude>
    <ClInclude Include="..\..\..\boost\proto\tags.hpp">
      <Filter>Proto Files</Filter>
    </ClInclude>
    <ClInclude Include="..\..\..\boost\proto\domain.hpp">
      <Filter>Proto Files</Filter>
    </ClInclude>
    <ClInclude Include="..\..\..\boost\proto\operators.hpp">
      <Filter>Proto Files</Filter>
    </ClInclude>
    <ClInclude Include="..\..\..\boost\proto\detail\common_domain.hpp">
      <Filter>Proto Files\detail</Filter>
    </ClInclude>
    <ClInclude Include="..\..\..\boost\proto\make_expr.hpp">
      <Filter>Proto Files</Filter>
    </ClInclude>
    <ClInclude Include="..\..\..\boost\proto\matches.hpp">
      <Filter>Proto Files</Filter>
    </ClInclude>
    <ClInclude Include="..\..\..\boost\proto\utility.hpp">
      <Filter>Proto Files</Filter>
    </ClInclude>
    <ClInclude Include="..\test\unit_test.hpp">
      <Filter>Test Files</Filter>
    </ClInclude>
    <ClInclude Include="..\..\..\boost\proto\debug.hpp">
      <Filter>Proto Files</Filter>
    </ClInclude>
    <ClInclude Include="..\..\..\boost\proto\fusion.hpp">
      <Filter>Proto Files</Filter>
    </ClInclude>
    <ClInclude Include="..\..\..\boost\proto\virtual_member.hpp">
      <Filter>Proto Files</Filter>
    </ClInclude>
    <ClInclude Include="..\..\..\boost\proto\functional.hpp">
      <Filter>Proto Files</Filter>
    </ClInclude>
    <ClInclude Include="..\..\..\boost\proto\functional\fusion.hpp">
      <Filter>Proto Files\functional</Filter>
    </ClInclude>
    <ClInclude Include="..\..\..\boost\proto\functional\std.hpp">
      <Filter>Proto Files\functional</Filter>
    </ClInclude>
    <ClInclude Include="..\..\..\boost\proto\functional\fusion\at.hpp">
      <Filter>Proto Files\functional\fusion</Filter>
    </ClInclude>
    <ClInclude Include="..\..\..\boost\proto\functional\fusion\pop_back.hpp">
      <Filter>Proto Files\functional\fusion</Filter>
    </ClInclude>
    <ClInclude Include="..\..\..\boost\proto\functional\fusion\pop_front.hpp">
      <Filter>Proto Files\functional\fusion</Filter>
    </ClInclude>
    <ClInclude Include="..\..\..\boost\proto\functional\fusion\push_back.hpp">
      <Filter>Proto Files\functional\fusion</Filter>
    </ClInclude>
    <ClInclude Include="..\..\..\boost\proto\functional\fusion\push_front.hpp">
      <Filter>Proto Files\functional\fusion</Filter>
    </ClInclude>
    <ClInclude Include="..\..\..\boost\proto\functional\fusion\reverse.hpp">
      <Filter>Proto Files\functional\fusion</Filter>
    </ClInclude>
    <ClInclude Include="..\..\..\boost\proto\functional\std\utility.hpp">
      <Filter>Proto Files\functional\std</Filter>
    </ClInclude>
    <ClInclude Include="..\..\..\boost\proto\core.hpp">
      <Filter>Proto Files</Filter>
    </ClInclude>
    <ClInclude Include="..\..\..\boost\proto\deep_copy.hpp">
      <Filter>Proto Files</Filter>
    </ClInclude>
    <ClInclude Include="..\..\..\boost\proto\custom.hpp">
      <Filter>Proto Files</Filter>
    </ClInclude>
    <ClInclude Include="..\..\..\boost\proto\grammar\grammar.hpp">
      <Filter>Proto Files\grammar</Filter>
    </ClInclude>
    <ClInclude Include="..\..\..\boost\proto\grammar.hpp">
      <Filter>Proto Files</Filter>
    </ClInclude>
    <ClInclude Include="..\..\..\boost\proto\action\apply.hpp">
      <Filter>Proto Files\action</Filter>
    </ClInclude>
    <ClInclude Include="..\..\..\boost\proto\action\call.hpp">
      <Filter>Proto Files\action</Filter>
    </ClInclude>
    <ClInclude Include="..\..\..\boost\proto\action\construct.hpp">
      <Filter>Proto Files\action</Filter>
    </ClInclude>
    <ClInclude Include="..\..\..\boost\proto\action\env.hpp">
      <Filter>Proto Files\action</Filter>
    </ClInclude>
    <ClInclude Include="..\..\..\boost\proto\action\eval.hpp">
      <Filter>Proto Files\action</Filter>
    </ClInclude>
    <ClInclude Include="..\..\..\boost\proto\action\fold.hpp">
      <Filter>Proto Files\action</Filter>
    </ClInclude>
    <ClInclude Include="..\..\..\boost\proto\action\integral_constant.hpp">
      <Filter>Proto Files\action</Filter>
    </ClInclude>
    <ClInclude Include="..\..\..\boost\proto\action\pass_through.hpp">
      <Filter>Proto Files\action</Filter>
    </ClInclude>
    <ClInclude Include="..\..\..\boost\proto\action\protect.hpp">
      <Filter>Proto Files\action</Filter>
    </ClInclude>
    <ClInclude Include="..\..\..\boost\proto\action\recursive_fold.hpp">
      <Filter>Proto Files\action</Filter>
    </ClInclude>
    <ClInclude Include="..\..\..\boost\proto\action\unpack.hpp">
      <Filter>Proto Files\action</Filter>
    </ClInclude>
    <ClInclude Include="..\..\..\boost\proto\action\when.hpp">
      <Filter>Proto Files\action</Filter>
    </ClInclude>
    <ClInclude Include="..\..\..\boost\proto\action.hpp">
      <Filter>Proto Files</Filter>
    </ClInclude>
    <ClInclude Include="..\..\..\boost\proto\children.hpp">
      <Filter>Proto Files</Filter>
    </ClInclude>
    <ClInclude Include="..\..\..\boost\proto\action\placeholders.hpp">
      <Filter>Proto Files\action</Filter>
    </ClInclude>
    <ClInclude Include="..\..\..\boost\proto\grammar\if.hpp">
      <Filter>Proto Files\grammar</Filter>
    </ClInclude>
    <ClInclude Include="..\..\..\boost\proto\grammar\not.hpp">
      <Filter>Proto Files\grammar</Filter>
    </ClInclude>
    <ClInclude Include="..\..\..\boost\proto\grammar\or.hpp">
      <Filter>Proto Files\grammar</Filter>
    </ClInclude>
    <ClInclude Include="..\..\..\boost\proto\grammar\when.hpp">
      <Filter>Proto Files\grammar</Filter>
    </ClInclude>
    <ClInclude Include="..\..\..\boost\proto\grammar\and.hpp">
      <Filter>Proto Files\grammar</Filter>
    </ClInclude>
    <ClInclude Include="..\..\..\boost\proto\grammar\switch.hpp">
      <Filter>Proto Files\grammar</Filter>
    </ClInclude>
    <ClInclude Include="..\..\..\boost\proto\action\and.hpp">
      <Filter>Proto Files\action</Filter>
    </ClInclude>
    <ClInclude Include="..\..\..\boost\proto\action\if.hpp">
      <Filter>Proto Files\action</Filter>
    </ClInclude>
    <ClInclude Include="..\..\..\boost\proto\action\or.hpp">
      <Filter>Proto Files\action</Filter>
    </ClInclude>
    <ClInclude Include="..\..\..\boost\proto\action\switch.hpp">
      <Filter>Proto Files\action</Filter>
    </ClInclude>
    <ClInclude Include="..\..\..\boost\proto\algorithm.hpp">
      <Filter>Proto Files</Filter>
    </ClInclude>
    <ClInclude Include="..\..\..\boost\proto\action\expr.hpp">
      <Filter>Proto Files\action</Filter>
    </ClInclude>
    <ClInclude Include="..\..\..\boost\proto\action\action.hpp">
      <Filter>Proto Files\action</Filter>
    </ClInclude>
  </ItemGroup>
  <ItemGroup>
    <ClCompile Include="main.cpp">
      <Filter>Source Files</Filter>
    </ClCompile>
    <ClCompile Include="..\test\matches.cpp">
      <Filter>Test Files</Filter>
    </ClCompile>
    <ClCompile Include="..\test\expr.cpp">
      <Filter>Test Files</Filter>
    </ClCompile>
    <ClCompile Include="..\test\common_domain.cpp">
      <Filter>Test Files</Filter>
    </ClCompile>
    <ClCompile Include="..\test\mem_fun.cpp">
      <Filter>Test Files</Filter>
    </ClCompile>
    <ClCompile Include="..\example\lambda.cpp">
      <Filter>Example Files</Filter>
    </ClCompile>
    <ClCompile Include="..\test\display_expr.cpp">
      <Filter>Test Files</Filter>
    </ClCompile>
    <ClCompile Include="..\test\bug2407.cpp">
      <Filter>Test Files</Filter>
    </ClCompile>
    <ClCompile Include="..\test\flatten.cpp">
      <Filter>Test Files</Filter>
    </ClCompile>
    <ClCompile Include="..\test\virtual_member.cpp">
      <Filter>Test Files</Filter>
    </ClCompile>
    <ClCompile Include="..\example\virtual_member.cpp">
      <Filter>Example Files</Filter>
    </ClCompile>
    <ClCompile Include="..\test\constrained_ops.cpp">
      <Filter>Test Files</Filter>
    </ClCompile>
    <ClCompile Include="..\test\deep_copy.cpp">
      <Filter>Test Files</Filter>
    </ClCompile>
    <ClCompile Include="..\test\pack_expansion.cpp">
      <Filter>Test Files</Filter>
    </ClCompile>
    <ClCompile Include="..\test\noinvoke.cpp">
      <Filter>Test Files</Filter>
    </ClCompile>
    <ClCompile Include="..\test\protect.cpp">
      <Filter>Test Files</Filter>
    </ClCompile>
    <ClCompile Include="..\test\apply.cpp">
      <Filter>Test Files</Filter>
    </ClCompile>
    <ClCompile Include="..\test\construct.cpp">
      <Filter>Test Files</Filter>
    </ClCompile>
    <ClCompile Include="..\test\action.cpp">
      <Filter>Test Files</Filter>
    </ClCompile>
  </ItemGroup>
  <ItemGroup>
    <None Include="..\test\Jamfile">
      <Filter>Test Files</Filter>
    </None>
    <None Include="..\example\Jamfile">
      <Filter>Example Files</Filter>
    </None>
    <None Include="Makefile">
      <Filter>Source Files</Filter>
    </None>
    <None Include="Jamfile">
      <Filter>Source Files</Filter>
    </None>
  </ItemGroup>
</Project>