
Microsoft Visual Studio Solution File, Format Version 11.00
# Visual Studio 2010
Project("{8BC9CEB8-8B4A-11D0-8D11-00A0C91BC942}") = "proto", "proto.vcxproj", "{E6CA9F16-0C2A-46B3-A09B-B9F01ED72FFE}"
EndProject
Global
	GlobalSection(SolutionConfigurationPlatforms) = preSolution
		Debug|Win32 = Debug|Win32
		Release|Win32 = Release|Win32
	EndGlobalSection
	GlobalSection(ProjectConfigurationPlatforms) = postSolution
		{E6CA9F16-0C2A-46B3-A09B-B9F01ED72FFE}.Debug|Win32.ActiveCfg = Debug|Win32
		{E6CA9F16-0C2A-46B3-A09B-B9F01ED72FFE}.Debug|Win32.Build.0 = Debug|Win32
		{E6CA9F16-0C2A-46B3-A09B-B9F01ED72FFE}.Release|Win32.ActiveCfg = Release|Win32
		{E6CA9F16-0C2A-46B3-A09B-B9F01ED72FFE}.Release|Win32.Build.0 = Release|Win32
	EndGlobalSection
	GlobalSection(SolutionProperties) = preSolution
		HideSolutionNode = FALSE
	EndGlobalSection
EndGlobal
